
Microsoft Visual Studio Solution File, Format Version 12.00
# Visual Studio 15
VisualStudioVersion = 15.0.28307.271
MinimumVisualStudioVersion = 10.0.40219.1
Project("{FAE04EC0-301F-11D3-BF4B-00C04F79EFBC}") = "ProyectoFinalv2", "ProyectoFinalv2\ProyectoFinalv2.csproj", "{36DF478A-D134-414C-89A7-C784BAC3311B}"
EndProject
Global
	GlobalSection(SolutionConfigurationPlatforms) = preSolution
		Debug|Any CPU = Debug|Any CPU
		Release|Any CPU = Release|Any CPU
	EndGlobalSection
	GlobalSection(ProjectConfigurationPlatforms) = postSolution
		{36DF478A-D134-414C-89A7-C784BAC3311B}.Debug|Any CPU.ActiveCfg = Debug|Any CPU
		{36DF478A-D134-414C-89A7-C784BAC3311B}.Debug|Any CPU.Build.0 = Debug|Any CPU
		{36DF478A-D134-414C-89A7-C784BAC3311B}.Release|Any CPU.ActiveCfg = Release|Any CPU
		{36DF478A-D134-414C-89A7-C784BAC3311B}.Release|Any CPU.Build.0 = Release|Any CPU
	EndGlobalSection
	GlobalSection(SolutionProperties) = preSolution
		HideSolutionNode = FALSE
	EndGlobalSection
	GlobalSection(ExtensibilityGlobals) = postSolution
		SolutionGuid = {031B15FE-B801-4E79-90C8-A04FBF2B8D50}
	EndGlobalSection
EndGlobal
