
Microsoft Visual Studio Solution File, Format Version 12.00
# Visual Studio 15
VisualStudioVersion = 15.0.28307.271
MinimumVisualStudioVersion = 10.0.40219.1
Project("{FAE04EC0-301F-11D3-BF4B-00C04F79EFBC}") = "AgendaV", "AgendaV\AgendaV.csproj", "{19F63DE7-01F7-49B5-BA33-1E178C6901EE}"
EndProject
Global
	GlobalSection(SolutionConfigurationPlatforms) = preSolution
		Debug|Any CPU = Debug|Any CPU
		Release|Any CPU = Release|Any CPU
	EndGlobalSection
	GlobalSection(ProjectConfigurationPlatforms) = postSolution
		{19F63DE7-01F7-49B5-BA33-1E178C6901EE}.Debug|Any CPU.ActiveCfg = Debug|Any CPU
		{19F63DE7-01F7-49B5-BA33-1E178C6901EE}.Debug|Any CPU.Build.0 = Debug|Any CPU
		{19F63DE7-01F7-49B5-BA33-1E178C6901EE}.Release|Any CPU.ActiveCfg = Release|Any CPU
		{19F63DE7-01F7-49B5-BA33-1E178C6901EE}.Release|Any CPU.Build.0 = Release|Any CPU
	EndGlobalSection
	GlobalSection(SolutionProperties) = preSolution
		HideSolutionNode = FALSE
	EndGlobalSection
	GlobalSection(ExtensibilityGlobals) = postSolution
		SolutionGuid = {D48573DA-59FD-47EE-96E1-86482482FD1B}
	EndGlobalSection
EndGlobal
